
Microsoft Visual Studio Solution File, Format Version 12.00
# Visual Studio Version 16
VisualStudioVersion = 16.0.31613.86
MinimumVisualStudioVersion = 10.0.40219.1
Project("{FAE04EC0-301F-11D3-BF4B-00C04F79EFBC}") = "TimeAllocationPlanning", "TimeAllocationPlanning\TimeAllocationPlanning.csproj", "{7C185472-46A2-4059-844F-47311A864711}"
EndProject
Global
	GlobalSection(SolutionConfigurationPlatforms) = preSolution
		Debug|Any CPU = Debug|Any CPU
		Release|Any CPU = Release|Any CPU
	EndGlobalSection
	GlobalSection(ProjectConfigurationPlatforms) = postSolution
		{7C185472-46A2-4059-844F-47311A864711}.Debug|Any CPU.ActiveCfg = Debug|Any CPU
		{7C185472-46A2-4059-844F-47311A864711}.Debug|Any CPU.Build.0 = Debug|Any CPU
		{7C185472-46A2-4059-844F-47311A864711}.Release|Any CPU.ActiveCfg = Release|Any CPU
		{7C185472-46A2-4059-844F-47311A864711}.Release|Any CPU.Build.0 = Release|Any CPU
	EndGlobalSection
	GlobalSection(SolutionProperties) = preSolution
		HideSolutionNode = FALSE
	EndGlobalSection
	GlobalSection(ExtensibilityGlobals) = postSolution
		SolutionGuid = {18FAF7CD-79D9-47F9-884B-8EF3A978BCBF}
	EndGlobalSection
EndGlobal
